<?xml version="1.0" encoding="utf-8"?>
<Project xmlns="http://schemas.microsoft.com/developer/msbuild/2003">
  <PropertyGroup>
    <ProjectGuid>{3A1B0001-DEAD-BEEF-CAFE-000000020032}</ProjectGuid>
    <ProjectVersion>15.0</ProjectVersion>
    <FrameworkType>None</FrameworkType>
    <MainSource>check_pcg32_fast.dpr</MainSource>
    <Base>True</Base>
    <Config Condition="'$(Config)'==''">Debug</Config>
    <Platform Condition="'$(Platform)'==''">Win64</Platform>
    <TargetedPlatforms>1</TargetedPlatforms>
    <AppType>Console</AppType>
  </PropertyGroup>
  <PropertyGroup Condition="'$(Config)'=='Base'">
    <Base>true</Base>
  </PropertyGroup>
  <PropertyGroup Condition="('$(Platform)'=='Win64' and '$(Base)'=='true') or '$(Base_Win64)'!=''">
    <Base_Win64>true</Base_Win64>
    <CfgParent>Base</CfgParent>
    <Base>true</Base>
  </PropertyGroup>
  <PropertyGroup Condition="'$(Config)'=='Debug'">
    <CfgParent>Base</CfgParent>
    <Base>true</Base>
  </PropertyGroup>
  <PropertyGroup Condition="'$(Config)'=='Release'">
    <CfgParent>Base</CfgParent>
    <Base>true</Base>
  </PropertyGroup>
  <PropertyGroup Condition="'$(Base)'=='true'">
    <DCC_DcuOutput>.\$(Platform)\$(Config)\dcu</DCC_DcuOutput>
    <DCC_ExeOutput>.\$(Platform)\$(Config)</DCC_ExeOutput>
    <DCC_E>false</DCC_E>
    <DCC_N>false</DCC_N>
    <DCC_S>false</DCC_S>
    <DCC_F>false</DCC_F>
    <DCC_K>false</DCC_K>
    <DCC_Namespace>System;$(DCC_Namespace)</DCC_Namespace>
    <DCC_UnitSearchPath>..\..\src;..\common;$(DCC_UnitSearchPath)</DCC_UnitSearchPath>
  </PropertyGroup>
  <PropertyGroup Condition="'$(Cfg_1)'=='true'">
    <DCC_Define>DEBUG;$(DCC_Define)</DCC_Define>
    <DCC_DebugDCUs>true</DCC_DebugDCUs>
    <DCC_Optimize>false</DCC_Optimize>
    <DCC_GenerateStackFrames>true</DCC_GenerateStackFrames>
    <DCC_DebugInfoInExe>true</DCC_DebugInfoInExe>
    <DCC_RemoteDebug>true</DCC_RemoteDebug>
  </PropertyGroup>
  <PropertyGroup Condition="'$(Cfg_2)'=='true'">
    <DCC_LocalDebugSymbols>false</DCC_LocalDebugSymbols>
    <DCC_Define>RELEASE;$(DCC_Define)</DCC_Define>
    <DCC_SymbolReferenceInfo>0</DCC_SymbolReferenceInfo>
    <DCC_DebugInformation>0</DCC_DebugInformation>
  </PropertyGroup>
  <ItemGroup>
    <DelphiCompile Include="$(MainSource)">
      <MainSource>MainSource</MainSource>
    </DelphiCompile>
    <DCCReference Include="..\..\src\PcgOp.Types.pas"/>
    <DCCReference Include="..\..\src\PcgOp.Bits.pas"/>
    <DCCReference Include="..\..\src\PcgOp.Multipliers.pas"/>
    <DCCReference Include="..\..\src\PcgOp.Mixins.pas"/>
    <DCCReference Include="..\..\src\PcgOp.Bounded.pas"/>
    <DCCReference Include="..\..\src\PcgOp.Engines.pas"/>
    <DCCReference Include="..\common\PcgOp.TestShape.pas"/>
    <BuildConfiguration Include="Release">
      <Key>Cfg_2</Key>
      <CfgParent>Base</CfgParent>
    </BuildConfiguration>
    <BuildConfiguration Include="Base">
      <Key>Base</Key>
    </BuildConfiguration>
    <BuildConfiguration Include="Debug">
      <Key>Cfg_1</Key>
      <CfgParent>Base</CfgParent>
    </BuildConfiguration>
  </ItemGroup>
  <ProjectExtensions>
    <Borland.Personality>Delphi.Personality.12</Borland.Personality>
    <Borland.ProjectType/>
    <BorlandProject>
      <Delphi.Personality>
        <Source>
          <Source Name="MainSource">check_pcg32_fast.dpr</Source>
        </Source>
      </Delphi.Personality>
      <Platforms>
        <Platform value="Win64">True</Platform>
      </Platforms>
    </BorlandProject>
    <ProjectFileVersion>12</ProjectFileVersion>
  </ProjectExtensions>
  <Import Project="$(BDS)\Bin\CodeGear.Delphi.Targets" Condition="Exists('$(BDS)\Bin\CodeGear.Delphi.Targets')"/>
  <Import Project="$(APPDATA)\Embarcadero\$(BDSAPPDATABASEDIR)\$(PRODUCTVERSION)\UserTools.proj" Condition="Exists('$(APPDATA)\Embarcadero\$(BDSAPPDATABASEDIR)\$(PRODUCTVERSION)\UserTools.proj')"/>
</Project>
